{
  "name": "cuboid.io",
  "version": "1.0.0",
  "lockfileVersion": 1,
  "requires": true,
  "dependencies": {
    "accept": {
      "version": "2.1.4",
      "resolved": "https://registry.npmjs.org/accept/-/accept-2.1.4.tgz",
      "integrity": "sha1-iHr1TO7lx/RDBGGXHsQAxh0JrLs=",
      "requires": {
        "boom": "5.2.0",
        "hoek": "4.2.1"
      },
      "dependencies": {
        "hoek": {
          "version": "4.2.1",
          "resolved": "https://registry.npmjs.org/hoek/-/hoek-4.2.1.tgz",
          "integrity": "sha512-QLg82fGkfnJ/4iy1xZ81/9SIJiq1NGFUMGs6ParyjBZr6jW2Ufj/snDqTHixNlHdPNwN2RLVD0Pi3igeK9+JfA=="
        }
      }
    },
    "accepts": {
      "version": "1.3.5",
      "resolved": "https://registry.npmjs.org/accepts/-/accepts-1.3.5.tgz",
      "integrity": "sha1-63d99gEXI6OxTopywIBcjoZ0a9I=",
      "requires": {
        "mime-types": "2.1.18",
        "negotiator": "0.6.1"
      }
    },
    "active-x-obfuscator": {
      "version": "0.0.1",
      "resolved": "https://registry.npmjs.org/active-x-obfuscator/-/active-x-obfuscator-0.0.1.tgz",
      "integrity": "sha1-CJuJs3FF/x2ex0r2UwvlUmyuHxo=",
      "requires": {
        "zeparser": "0.0.5"
      }
    },
    "after": {
      "version": "0.8.2",
      "resolved": "https://registry.npmjs.org/after/-/after-0.8.2.tgz",
      "integrity": "sha1-/ts5T58OAqqXaOcCvaI7UF+ufh8="
    },
    "ammo": {
      "version": "2.0.4",
      "resolved": "https://registry.npmjs.org/ammo/-/ammo-2.0.4.tgz",
      "integrity": "sha1-v4CqshFpjqePY+9efxE91dnokX8=",
      "requires": {
        "boom": "5.2.0",
        "hoek": "4.2.1"
      },
      "dependencies": {
        "hoek": {
          "version": "4.2.1",
          "resolved": "https://registry.npmjs.org/hoek/-/hoek-4.2.1.tgz",
          "integrity": "sha512-QLg82fGkfnJ/4iy1xZ81/9SIJiq1NGFUMGs6ParyjBZr6jW2Ufj/snDqTHixNlHdPNwN2RLVD0Pi3igeK9+JfA=="
        }
      }
    },
    "arraybuffer.slice": {
      "version": "0.0.7",
      "resolved": "https://registry.npmjs.org/arraybuffer.slice/-/arraybuffer.slice-0.0.7.tgz",
      "integrity": "sha512-wGUIVQXuehL5TCqQun8OW81jGzAWycqzFF8lFp+GOM5BXLYj3bKNsYC4daB7n6XjCqxQA/qgTJ+8ANR3acjrog=="
    },
    "async": {
      "version": "2.6.1",
      "resolved": "https://registry.npmjs.org/async/-/async-2.6.1.tgz",
      "integrity": "sha512-fNEiL2+AZt6AlAw/29Cr0UDe4sRAHCpEHh54WMz+Bb7QfNcFw4h3loofyJpLeQs4Yx7yuqu/2dLgM5hKOs6HlQ==",
      "requires": {
        "lodash": "4.17.10"
      }
    },
    "async-limiter": {
      "version": "1.0.0",
      "resolved": "https://registry.npmjs.org/async-limiter/-/async-limiter-1.0.0.tgz",
      "integrity": "sha512-jp/uFnooOiO+L211eZOoSyzpOITMXx1rBITauYykG3BRYPu8h0UcxsPNB04RR5vo4Tyz3+ay17tR6JVf9qzYWg=="
    },
    "b64": {
      "version": "3.0.3",
      "resolved": "https://registry.npmjs.org/b64/-/b64-3.0.3.tgz",
      "integrity": "sha512-Pbeh0i6OLubPJdIdCepn8ZQHwN2MWznZHbHABSTEfQ706ie+yuxNSaPdqX1xRatT6WanaS1EazMiSg0NUW2XxQ=="
    },
    "backo2": {
      "version": "1.0.2",
      "resolved": "https://registry.npmjs.org/backo2/-/backo2-1.0.2.tgz",
      "integrity": "sha1-MasayLEpNjRj41s+u2n038+6eUc="
    },
    "balanced-match": {
      "version": "1.0.0",
      "resolved": "https://registry.npmjs.org/balanced-match/-/balanced-match-1.0.0.tgz",
      "integrity": "sha1-ibTRmasr7kneFk6gK4nORi1xt2c="
    },
    "base64-arraybuffer": {
      "version": "0.1.5",
      "resolved": "https://registry.npmjs.org/base64-arraybuffer/-/base64-arraybuffer-0.1.5.tgz",
      "integrity": "sha1-c5JncZI7Whl0etZmqlzUv5xunOg="
    },
    "base64id": {
      "version": "1.0.0",
      "resolved": "https://registry.npmjs.org/base64id/-/base64id-1.0.0.tgz",
      "integrity": "sha1-R2iMuZu2gE8OBtPnY7HDLlfY5rY="
    },
    "better-assert": {
      "version": "1.0.2",
      "resolved": "https://registry.npmjs.org/better-assert/-/better-assert-1.0.2.tgz",
      "integrity": "sha1-QIZrnhueC1W0gYlDEeaPr/rrxSI=",
      "requires": {
        "callsite": "1.0.0"
      }
    },
    "blob": {
      "version": "0.0.4",
      "resolved": "https://registry.npmjs.org/blob/-/blob-0.0.4.tgz",
      "integrity": "sha1-vPEwUspURj8w+fx+lbmkdjCpSSE="
    },
    "boom": {
      "version": "5.2.0",
      "resolved": "https://registry.npmjs.org/boom/-/boom-5.2.0.tgz",
      "integrity": "sha512-Z5BTk6ZRe4tXXQlkqftmsAUANpXmuwlsF5Oov8ThoMbQRzdGTA1ngYRW160GexgOgjsFOKJz0LYhoNi+2AMBUw==",
      "requires": {
        "hoek": "4.2.1"
      },
      "dependencies": {
        "hoek": {
          "version": "4.2.1",
          "resolved": "https://registry.npmjs.org/hoek/-/hoek-4.2.1.tgz",
          "integrity": "sha512-QLg82fGkfnJ/4iy1xZ81/9SIJiq1NGFUMGs6ParyjBZr6jW2Ufj/snDqTHixNlHdPNwN2RLVD0Pi3igeK9+JfA=="
        }
      }
    },
    "brace-expansion": {
      "version": "1.1.11",
      "resolved": "https://registry.npmjs.org/brace-expansion/-/brace-expansion-1.1.11.tgz",
      "integrity": "sha512-iCuPHDFgrHX7H2vEI/5xpz07zSHB00TpugqhmYtVmMO6518mCuRMoOYFldEBl0g187ufozdaHgWKcYFb61qGiA==",
      "requires": {
        "balanced-match": "1.0.0",
        "concat-map": "0.0.1"
      }
    },
    "call": {
      "version": "4.0.2",
      "resolved": "https://registry.npmjs.org/call/-/call-4.0.2.tgz",
      "integrity": "sha1-33b19R7o3Ui4VqyEAPfmnm1zmcQ=",
      "requires": {
        "boom": "5.2.0",
        "hoek": "4.2.1"
      },
      "dependencies": {
        "hoek": {
          "version": "4.2.1",
          "resolved": "https://registry.npmjs.org/hoek/-/hoek-4.2.1.tgz",
          "integrity": "sha512-QLg82fGkfnJ/4iy1xZ81/9SIJiq1NGFUMGs6ParyjBZr6jW2Ufj/snDqTHixNlHdPNwN2RLVD0Pi3igeK9+JfA=="
        }
      }
    },
    "callsite": {
      "version": "1.0.0",
      "resolved": "https://registry.npmjs.org/callsite/-/callsite-1.0.0.tgz",
      "integrity": "sha1-KAOY5dZkvXQDi28JBRU+borxvCA="
    },
    "catbox": {
      "version": "7.1.5",
      "resolved": "https://registry.npmjs.org/catbox/-/catbox-7.1.5.tgz",
      "integrity": "sha512-4fui5lELzqZ+9cnaAP/BcqXTH6LvWLBRtFhJ0I4FfgfXiSaZcf6k9m9dqOyChiTxNYtvLk7ZMYSf7ahMq3bf5A==",
      "requires": {
        "boom": "5.2.0",
        "hoek": "4.2.1",
        "joi": "10.6.0"
      },
      "dependencies": {
        "hoek": {
          "version": "4.2.1",
          "resolved": "https://registry.npmjs.org/hoek/-/hoek-4.2.1.tgz",
          "integrity": "sha512-QLg82fGkfnJ/4iy1xZ81/9SIJiq1NGFUMGs6ParyjBZr6jW2Ufj/snDqTHixNlHdPNwN2RLVD0Pi3igeK9+JfA=="
        }
      }
    },
    "catbox-memory": {
      "version": "2.0.4",
      "resolved": "https://registry.npmjs.org/catbox-memory/-/catbox-memory-2.0.4.tgz",
      "integrity": "sha1-Qz4lWQLK9UIz0ShkKcj03xToItU=",
      "requires": {
        "hoek": "4.2.1"
      },
      "dependencies": {
        "hoek": {
          "version": "4.2.1",
          "resolved": "https://registry.npmjs.org/hoek/-/hoek-4.2.1.tgz",
          "integrity": "sha512-QLg82fGkfnJ/4iy1xZ81/9SIJiq1NGFUMGs6ParyjBZr6jW2Ufj/snDqTHixNlHdPNwN2RLVD0Pi3igeK9+JfA=="
        }
      }
    },
    "commander": {
      "version": "2.1.0",
      "resolved": "https://registry.npmjs.org/commander/-/commander-2.1.0.tgz",
      "integrity": "sha1-0SG7roYNmZKj1Re6lvVliOR8Z4E="
    },
    "component-bind": {
      "version": "1.0.0",
      "resolved": "https://registry.npmjs.org/component-bind/-/component-bind-1.0.0.tgz",
      "integrity": "sha1-AMYIq33Nk4l8AAllGx06jh5zu9E="
    },
    "component-emitter": {
      "version": "1.2.1",
      "resolved": "https://registry.npmjs.org/component-emitter/-/component-emitter-1.2.1.tgz",
      "integrity": "sha1-E3kY1teCg/ffemt8WmPhQOaUJeY="
    },
    "component-inherit": {
      "version": "0.0.3",
      "resolved": "https://registry.npmjs.org/component-inherit/-/component-inherit-0.0.3.tgz",
      "integrity": "sha1-ZF/ErfWLcrZJ1crmUTVhnbJv8UM="
    },
    "concat-map": {
      "version": "0.0.1",
      "resolved": "https://registry.npmjs.org/concat-map/-/concat-map-0.0.1.tgz",
      "integrity": "sha1-2Klr13/Wjfd5OnMDajug1UBdR3s="
    },
    "content": {
      "version": "3.0.7",
      "resolved": "https://registry.npmjs.org/content/-/content-3.0.7.tgz",
      "integrity": "sha512-LXtnSnvE+Z1Cjpa3P9gh9kb396qV4MqpfwKy777BOSF8n6nw2vAi03tHNl0/XRqZUyzVzY/+nMXOZVnEapWzdg==",
      "requires": {
        "boom": "5.2.0"
      }
    },
    "cookie": {
      "version": "0.3.1",
      "resolved": "https://registry.npmjs.org/cookie/-/cookie-0.3.1.tgz",
      "integrity": "sha1-5+Ch+e9DtMi6klxcWpboBtFoc7s="
    },
    "cryptiles": {
      "version": "3.1.2",
      "resolved": "https://registry.npmjs.org/cryptiles/-/cryptiles-3.1.2.tgz",
      "integrity": "sha1-qJ+7Ig9c4l7FboxKqKT9e1sNKf4=",
      "requires": {
        "boom": "5.2.0"
      }
    },
    "debug": {
      "version": "3.1.0",
      "resolved": "https://registry.npmjs.org/debug/-/debug-3.1.0.tgz",
      "integrity": "sha512-OX8XqP7/1a9cqkxYw2yXss15f26NKWBpDXQd0/uK/KPqdQhxbPa994hnzjcE2VqQpDslf55723cKPUOGSmMY3g==",
      "requires": {
        "ms": "2.0.0"
      }
    },
    "engine.io": {
      "version": "3.2.0",
      "resolved": "https://registry.npmjs.org/engine.io/-/engine.io-3.2.0.tgz",
      "integrity": "sha512-mRbgmAtQ4GAlKwuPnnAvXXwdPhEx+jkc0OBCLrXuD/CRvwNK3AxRSnqK4FSqmAMRRHryVJP8TopOvmEaA64fKw==",
      "requires": {
        "accepts": "1.3.5",
        "base64id": "1.0.0",
        "cookie": "0.3.1",
        "debug": "3.1.0",
        "engine.io-parser": "2.1.2",
        "ws": "3.3.3"
      }
    },
    "engine.io-client": {
      "version": "3.2.1",
      "resolved": "https://registry.npmjs.org/engine.io-client/-/engine.io-client-3.2.1.tgz",
      "integrity": "sha512-y5AbkytWeM4jQr7m/koQLc5AxpRKC1hEVUb/s1FUAWEJq5AzJJ4NLvzuKPuxtDi5Mq755WuDvZ6Iv2rXj4PTzw==",
      "requires": {
        "component-emitter": "1.2.1",
        "component-inherit": "0.0.3",
        "debug": "3.1.0",
        "engine.io-parser": "2.1.2",
        "has-cors": "1.1.0",
        "indexof": "0.0.1",
        "parseqs": "0.0.5",
        "parseuri": "0.0.5",
        "ws": "3.3.3",
        "xmlhttprequest-ssl": "1.5.5",
        "yeast": "0.1.2"
      }
    },
    "engine.io-parser": {
      "version": "2.1.2",
      "resolved": "https://registry.npmjs.org/engine.io-parser/-/engine.io-parser-2.1.2.tgz",
      "integrity": "sha512-dInLFzr80RijZ1rGpx1+56/uFoH7/7InhH3kZt+Ms6hT8tNx3NGW/WNSA/f8As1WkOfkuyb3tnRyuXGxusclMw==",
      "requires": {
        "after": "0.8.2",
        "arraybuffer.slice": "0.0.7",
        "base64-arraybuffer": "0.1.5",
        "blob": "0.0.4",
        "has-binary2": "1.0.3"
      }
    },
    "fs.realpath": {
      "version": "1.0.0",
      "resolved": "https://registry.npmjs.org/fs.realpath/-/fs.realpath-1.0.0.tgz",
      "integrity": "sha1-FQStJSMVjKpA20onh8sBQRmU6k8="
    },
    "glob": {
      "version": "7.1.2",
      "resolved": "https://registry.npmjs.org/glob/-/glob-7.1.2.tgz",
      "integrity": "sha512-MJTUg1kjuLeQCJ+ccE4Vpa6kKVXkPYJ2mOCQyUuKLcLQsdrMCpBPUi8qVE6+YuaJkozeA9NusTAw3hLr8Xe5EQ==",
      "requires": {
        "fs.realpath": "1.0.0",
        "inflight": "1.0.6",
        "inherits": "2.0.3",
        "minimatch": "3.0.4",
        "once": "1.4.0",
        "path-is-absolute": "1.0.1"
      }
    },
    "glue": {
      "version": "4.2.1",
      "resolved": "https://registry.npmjs.org/glue/-/glue-4.2.1.tgz",
      "integrity": "sha1-qSDwGv9TqIFmBNnDhAf4wQPqGWU=",
      "requires": {
        "hapi": "16.6.3",
        "hoek": "4.2.1",
        "items": "2.1.1",
        "joi": "10.6.0"
      },
      "dependencies": {
        "hoek": {
          "version": "4.2.1",
          "resolved": "https://registry.npmjs.org/hoek/-/hoek-4.2.1.tgz",
          "integrity": "sha512-QLg82fGkfnJ/4iy1xZ81/9SIJiq1NGFUMGs6ParyjBZr6jW2Ufj/snDqTHixNlHdPNwN2RLVD0Pi3igeK9+JfA=="
        }
      }
    },
    "hapi": {
      "version": "16.6.3",
      "resolved": "https://registry.npmjs.org/hapi/-/hapi-16.6.3.tgz",
      "integrity": "sha512-Fe1EtSlRWdez9c1sLDrHZYxpsp3IddwtUWp7y65TCBW5CMcBP98X4WnoBJZTGsDZnk/FDkRyEMhUVsC9qysDPg==",
      "requires": {
        "accept": "2.1.4",
        "ammo": "2.0.4",
        "boom": "5.2.0",
        "call": "4.0.2",
        "catbox": "7.1.5",
        "catbox-memory": "2.0.4",
        "cryptiles": "3.1.2",
        "heavy": "4.0.4",
        "hoek": "4.2.1",
        "iron": "4.0.5",
        "items": "2.1.1",
        "joi": "11.4.0",
        "mimos": "3.0.3",
        "podium": "1.3.0",
        "shot": "3.4.2",
        "statehood": "5.0.3",
        "subtext": "5.0.0",
        "topo": "2.0.2"
      },
      "dependencies": {
        "hoek": {
          "version": "4.2.1",
          "resolved": "https://registry.npmjs.org/hoek/-/hoek-4.2.1.tgz",
          "integrity": "sha512-QLg82fGkfnJ/4iy1xZ81/9SIJiq1NGFUMGs6ParyjBZr6jW2Ufj/snDqTHixNlHdPNwN2RLVD0Pi3igeK9+JfA=="
        },
        "isemail": {
          "version": "3.1.2",
          "resolved": "https://registry.npmjs.org/isemail/-/isemail-3.1.2.tgz",
          "integrity": "sha512-zfRhJn9rFSGhzU5tGZqepRSAj3+g6oTOHxMGGriWNJZzyLPUK8H7VHpqKntegnW8KLyGA9zwuNaCoopl40LTpg==",
          "requires": {
            "punycode": "2.1.1"
          }
        },
        "joi": {
          "version": "11.4.0",
          "resolved": "https://registry.npmjs.org/joi/-/joi-11.4.0.tgz",
          "integrity": "sha512-O7Uw+w/zEWgbL6OcHbyACKSj0PkQeUgmehdoXVSxt92QFCq4+1390Rwh5moI2K/OgC7D8RHRZqHZxT2husMJHA==",
          "requires": {
            "hoek": "4.2.1",
            "isemail": "3.1.2",
            "topo": "2.0.2"
          }
        }
      }
    },
    "hapi-io": {
      "version": "0.2.1",
      "resolved": "https://registry.npmjs.org/hapi-io/-/hapi-io-0.2.1.tgz",
      "integrity": "sha1-10vC4aJ7R1hWWlgclVApD0AIcJk=",
      "requires": {
        "async": "2.6.1",
        "socket.io": "2.1.1"
      },
      "dependencies": {
        "socket.io": {
          "version": "2.1.1",
          "resolved": "https://registry.npmjs.org/socket.io/-/socket.io-2.1.1.tgz",
          "integrity": "sha512-rORqq9c+7W0DAK3cleWNSyfv/qKXV99hV4tZe+gGLfBECw3XEhBy7x85F3wypA9688LKjtwO9pX9L33/xQI8yA==",
          "requires": {
            "debug": "3.1.0",
            "engine.io": "3.2.0",
            "has-binary2": "1.0.3",
            "socket.io-adapter": "1.1.1",
            "socket.io-client": "2.1.1",
            "socket.io-parser": "3.2.0"
          }
        }
      }
    },
    "has-binary2": {
      "version": "1.0.3",
      "resolved": "https://registry.npmjs.org/has-binary2/-/has-binary2-1.0.3.tgz",
      "integrity": "sha512-G1LWKhDSvhGeAQ8mPVQlqNcOB2sJdwATtZKl2pDKKHfpf/rYj24lkinxf69blJbnsvtqqNU+L3SL50vzZhXOnw==",
      "requires": {
        "isarray": "2.0.1"
      }
    },
    "has-cors": {
      "version": "1.1.0",
      "resolved": "https://registry.npmjs.org/has-cors/-/has-cors-1.1.0.tgz",
      "integrity": "sha1-XkdHk/fqmEPRu5nCPu9J/xJv/zk="
    },
    "heavy": {
      "version": "4.0.4",
      "resolved": "https://registry.npmjs.org/heavy/-/heavy-4.0.4.tgz",
      "integrity": "sha1-NskTNsAMz+hSyqTRUwhjNc0vAOk=",
      "requires": {
        "boom": "5.2.0",
        "hoek": "4.2.1",
        "joi": "10.6.0"
      },
      "dependencies": {
        "hoek": {
          "version": "4.2.1",
          "resolved": "https://registry.npmjs.org/hoek/-/hoek-4.2.1.tgz",
          "integrity": "sha512-QLg82fGkfnJ/4iy1xZ81/9SIJiq1NGFUMGs6ParyjBZr6jW2Ufj/snDqTHixNlHdPNwN2RLVD0Pi3igeK9+JfA=="
        }
      }
    },
    "hoek": {
      "version": "5.0.3",
      "resolved": "https://registry.npmjs.org/hoek/-/hoek-5.0.3.tgz",
      "integrity": "sha512-Bmr56pxML1c9kU+NS51SMFkiVQAb+9uFfXwyqR2tn4w2FPvmPt65eZ9aCcEfRXd9G74HkZnILC6p967pED4aiw=="
    },
    "indexof": {
      "version": "0.0.1",
      "resolved": "https://registry.npmjs.org/indexof/-/indexof-0.0.1.tgz",
      "integrity": "sha1-gtwzbSMrkGIXnQWrMpOmYFn9Q10="
    },
    "inflight": {
      "version": "1.0.6",
      "resolved": "https://registry.npmjs.org/inflight/-/inflight-1.0.6.tgz",
      "integrity": "sha1-Sb1jMdfQLQwJvJEKEHW6gWW1bfk=",
      "requires": {
        "once": "1.4.0",
        "wrappy": "1.0.2"
      }
    },
    "inherits": {
      "version": "2.0.3",
      "resolved": "https://registry.npmjs.org/inherits/-/inherits-2.0.3.tgz",
      "integrity": "sha1-Yzwsg+PaQqUC9SRmAiSA9CCCYd4="
    },
    "interpret": {
      "version": "1.1.0",
      "resolved": "https://registry.npmjs.org/interpret/-/interpret-1.1.0.tgz",
      "integrity": "sha1-ftGxQQxqDg94z5XTuEQMY/eLhhQ="
    },
    "iron": {
      "version": "4.0.5",
      "resolved": "https://registry.npmjs.org/iron/-/iron-4.0.5.tgz",
      "integrity": "sha1-TwQszri5c480a1mqc0yDqJvDFCg=",
      "requires": {
        "boom": "5.2.0",
        "cryptiles": "3.1.2",
        "hoek": "4.2.1"
      },
      "dependencies": {
        "hoek": {
          "version": "4.2.1",
          "resolved": "https://registry.npmjs.org/hoek/-/hoek-4.2.1.tgz",
          "integrity": "sha512-QLg82fGkfnJ/4iy1xZ81/9SIJiq1NGFUMGs6ParyjBZr6jW2Ufj/snDqTHixNlHdPNwN2RLVD0Pi3igeK9+JfA=="
        }
      }
    },
    "isarray": {
      "version": "2.0.1",
      "resolved": "https://registry.npmjs.org/isarray/-/isarray-2.0.1.tgz",
      "integrity": "sha1-o32U7ZzaLVmGXJ92/llu4fM4dB4="
    },
    "isemail": {
      "version": "2.2.1",
      "resolved": "https://registry.npmjs.org/isemail/-/isemail-2.2.1.tgz",
      "integrity": "sha1-A1PT2aYpUQgMJiwqoKQrjqjp4qY="
    },
    "items": {
      "version": "2.1.1",
      "resolved": "https://registry.npmjs.org/items/-/items-2.1.1.tgz",
      "integrity": "sha1-i9FtnIOxlSneWuoyGsqtp4NkoZg="
    },
    "joi": {
      "version": "10.6.0",
      "resolved": "https://registry.npmjs.org/joi/-/joi-10.6.0.tgz",
      "integrity": "sha512-hBF3LcqyAid+9X/pwg+eXjD2QBZI5eXnBFJYaAkH4SK3mp9QSRiiQnDYlmlz5pccMvnLcJRS4whhDOTCkmsAdQ==",
      "requires": {
        "hoek": "4.2.1",
        "isemail": "2.2.1",
        "items": "2.1.1",
        "topo": "2.0.2"
      },
      "dependencies": {
        "hoek": {
          "version": "4.2.1",
          "resolved": "https://registry.npmjs.org/hoek/-/hoek-4.2.1.tgz",
          "integrity": "sha512-QLg82fGkfnJ/4iy1xZ81/9SIJiq1NGFUMGs6ParyjBZr6jW2Ufj/snDqTHixNlHdPNwN2RLVD0Pi3igeK9+JfA=="
        }
      }
    },
    "lodash": {
      "version": "4.17.10",
      "resolved": "https://registry.npmjs.org/lodash/-/lodash-4.17.10.tgz",
      "integrity": "sha512-UejweD1pDoXu+AD825lWwp4ZGtSwgnpZxb3JDViD7StjQz+Nb/6l093lx4OQ0foGWNRoc19mWy7BzL+UAK2iVg=="
    },
    "mime-db": {
      "version": "1.34.0",
      "resolved": "https://registry.npmjs.org/mime-db/-/mime-db-1.34.0.tgz",
      "integrity": "sha1-RS0Oz/XDA0am3B5kseruDTcZ/5o="
    },
    "mime-types": {
      "version": "2.1.18",
      "resolved": "https://registry.npmjs.org/mime-types/-/mime-types-2.1.18.tgz",
      "integrity": "sha512-lc/aahn+t4/SWV/qcmumYjymLsWfN3ELhpmVuUFjgsORruuZPVSwAQryq+HHGvO/SI2KVX26bx+En+zhM8g8hQ==",
      "requires": {
        "mime-db": "1.33.0"
      },
      "dependencies": {
        "mime-db": {
          "version": "1.33.0",
          "resolved": "https://registry.npmjs.org/mime-db/-/mime-db-1.33.0.tgz",
          "integrity": "sha512-BHJ/EKruNIqJf/QahvxwQZXKygOQ256myeN/Ew+THcAa5q+PjyTTMMeNQC4DZw5AwfvelsUrA6B67NKMqXDbzQ=="
        }
      }
    },
    "mimos": {
      "version": "3.0.3",
      "resolved": "https://registry.npmjs.org/mimos/-/mimos-3.0.3.tgz",
      "integrity": "sha1-uRCQcq03jCty9qAQHEPd+ys2ZB8=",
      "requires": {
        "hoek": "4.2.1",
        "mime-db": "1.34.0"
      },
      "dependencies": {
        "hoek": {
          "version": "4.2.1",
          "resolved": "https://registry.npmjs.org/hoek/-/hoek-4.2.1.tgz",
          "integrity": "sha512-QLg82fGkfnJ/4iy1xZ81/9SIJiq1NGFUMGs6ParyjBZr6jW2Ufj/snDqTHixNlHdPNwN2RLVD0Pi3igeK9+JfA=="
        }
      }
    },
    "minimatch": {
      "version": "3.0.4",
      "resolved": "https://registry.npmjs.org/minimatch/-/minimatch-3.0.4.tgz",
      "integrity": "sha512-yJHVQEhyqPLUTgt9B83PXu6W3rx4MvvHvSUvToogpwoGDOUQ+yDrR0HRot+yOCdCO7u4hX3pWft6kWBBcqh0UA==",
      "requires": {
        "brace-expansion": "1.1.11"
      }
    },
    "ms": {
      "version": "2.0.0",
      "resolved": "https://registry.npmjs.org/ms/-/ms-2.0.0.tgz",
      "integrity": "sha1-VgiurfwAvmwpAd9fmGF4jeDVl8g="
    },
    "nan": {
      "version": "1.0.0",
      "resolved": "https://registry.npmjs.org/nan/-/nan-1.0.0.tgz",
      "integrity": "sha1-riT4hQgY1mL8q1rPfzuVv6oszzg="
    },
    "negotiator": {
      "version": "0.6.1",
      "resolved": "https://registry.npmjs.org/negotiator/-/negotiator-0.6.1.tgz",
      "integrity": "sha1-KzJxhOiZIQEXeyhWP7XnECrNDKk="
    },
    "nigel": {
      "version": "2.0.2",
      "resolved": "https://registry.npmjs.org/nigel/-/nigel-2.0.2.tgz",
      "integrity": "sha1-k6GGb7DFLYc5CqdeKxYfS1x15bE=",
      "requires": {
        "hoek": "4.2.1",
        "vise": "2.0.2"
      },
      "dependencies": {
        "hoek": {
          "version": "4.2.1",
          "resolved": "https://registry.npmjs.org/hoek/-/hoek-4.2.1.tgz",
          "integrity": "sha512-QLg82fGkfnJ/4iy1xZ81/9SIJiq1NGFUMGs6ParyjBZr6jW2Ufj/snDqTHixNlHdPNwN2RLVD0Pi3igeK9+JfA=="
        }
      }
    },
    "object-component": {
      "version": "0.0.3",
      "resolved": "https://registry.npmjs.org/object-component/-/object-component-0.0.3.tgz",
      "integrity": "sha1-8MaapQ78lbhmwYb0AKM3acsvEpE="
    },
    "once": {
      "version": "1.4.0",
      "resolved": "https://registry.npmjs.org/once/-/once-1.4.0.tgz",
      "integrity": "sha1-WDsap3WWHUsROsF9nFC6753Xa9E=",
      "requires": {
        "wrappy": "1.0.2"
      }
    },
    "options": {
      "version": "0.0.6",
      "resolved": "https://registry.npmjs.org/options/-/options-0.0.6.tgz",
      "integrity": "sha1-7CLTEoBrtT5zF3Pnza788cZDEo8="
    },
    "parseqs": {
      "version": "0.0.5",
      "resolved": "https://registry.npmjs.org/parseqs/-/parseqs-0.0.5.tgz",
      "integrity": "sha1-1SCKNzjkZ2bikbouoXNoSSGouJ0=",
      "requires": {
        "better-assert": "1.0.2"
      }
    },
    "parseuri": {
      "version": "0.0.5",
      "resolved": "https://registry.npmjs.org/parseuri/-/parseuri-0.0.5.tgz",
      "integrity": "sha1-gCBKUNTbt3m/3G6+J3jZDkvOMgo=",
      "requires": {
        "better-assert": "1.0.2"
      }
    },
    "path-is-absolute": {
      "version": "1.0.1",
      "resolved": "https://registry.npmjs.org/path-is-absolute/-/path-is-absolute-1.0.1.tgz",
      "integrity": "sha1-F0uSaHNVNP+8es5r9TpanhtcX18="
    },
    "path-parse": {
      "version": "1.0.5",
      "resolved": "https://registry.npmjs.org/path-parse/-/path-parse-1.0.5.tgz",
      "integrity": "sha1-PBrfhx6pzWyUMbbqK9dKD/BVxME="
    },
    "pez": {
      "version": "2.1.5",
      "resolved": "https://registry.npmjs.org/pez/-/pez-2.1.5.tgz",
      "integrity": "sha1-XsLMYlAMw+tCNtSkFM9aF7XrUAc=",
      "requires": {
        "b64": "3.0.3",
        "boom": "5.2.0",
        "content": "3.0.7",
        "hoek": "4.2.1",
        "nigel": "2.0.2"
      },
      "dependencies": {
        "hoek": {
          "version": "4.2.1",
          "resolved": "https://registry.npmjs.org/hoek/-/hoek-4.2.1.tgz",
          "integrity": "sha512-QLg82fGkfnJ/4iy1xZ81/9SIJiq1NGFUMGs6ParyjBZr6jW2Ufj/snDqTHixNlHdPNwN2RLVD0Pi3igeK9+JfA=="
        }
      }
    },
    "podium": {
      "version": "1.3.0",
      "resolved": "https://registry.npmjs.org/podium/-/podium-1.3.0.tgz",
      "integrity": "sha512-ZIujqk1pv8bRZNVxwwwq0BhXilZ2udycQT3Kp8ah3f3TcTmVg7ILJsv/oLf47gRa2qeiP584lNq+pfvS9U3aow==",
      "requires": {
        "hoek": "4.2.1",
        "items": "2.1.1",
        "joi": "10.6.0"
      },
      "dependencies": {
        "hoek": {
          "version": "4.2.1",
          "resolved": "https://registry.npmjs.org/hoek/-/hoek-4.2.1.tgz",
          "integrity": "sha512-QLg82fGkfnJ/4iy1xZ81/9SIJiq1NGFUMGs6ParyjBZr6jW2Ufj/snDqTHixNlHdPNwN2RLVD0Pi3igeK9+JfA=="
        }
      }
    },
    "policyfile": {
      "version": "0.0.4",
      "resolved": "https://registry.npmjs.org/policyfile/-/policyfile-0.0.4.tgz",
      "integrity": "sha1-1rgurZiueeviKOLa9ZAzEeyYLk0="
    },
    "punycode": {
      "version": "2.1.1",
      "resolved": "https://registry.npmjs.org/punycode/-/punycode-2.1.1.tgz",
      "integrity": "sha512-XRsRjdf+j5ml+y/6GKHPZbrF/8p2Yga0JPtdqTIY2Xe5ohJPD9saDJJLPvp9+NSBprVvevdXZybnj2cv8OEd0A=="
    },
    "rechoir": {
      "version": "0.6.2",
      "resolved": "https://registry.npmjs.org/rechoir/-/rechoir-0.6.2.tgz",
      "integrity": "sha1-hSBLVNuoLVdC4oyWdW70OvUOM4Q=",
      "requires": {
        "resolve": "1.8.1"
      }
    },
    "redis": {
      "version": "0.7.3",
      "resolved": "https://registry.npmjs.org/redis/-/redis-0.7.3.tgz",
      "integrity": "sha1-7le3pE0l7BWU5ENl2BZfp9HUgRo=",
      "optional": true
    },
    "resolve": {
      "version": "1.8.1",
      "resolved": "https://registry.npmjs.org/resolve/-/resolve-1.8.1.tgz",
      "integrity": "sha512-AicPrAC7Qu1JxPCZ9ZgCZlY35QgFnNqc+0LtbRNxnVw4TXvjQ72wnuL9JQcEBgXkI9JM8MsT9kaQoHcpCRJOYA==",
      "requires": {
        "path-parse": "1.0.5"
      }
    },
    "safe-buffer": {
      "version": "5.1.2",
      "resolved": "https://registry.npmjs.org/safe-buffer/-/safe-buffer-5.1.2.tgz",
      "integrity": "sha512-Gd2UZBJDkXlY7GbJxfsE8/nvKkUEU1G38c1siN6QP6a9PT9MmHB8GnpscSmMJSoF8LOIrt8ud/wPtojys4G6+g=="
    },
    "shelljs": {
      "version": "0.8.2",
      "resolved": "https://registry.npmjs.org/shelljs/-/shelljs-0.8.2.tgz",
      "integrity": "sha512-pRXeNrCA2Wd9itwhvLp5LZQvPJ0wU6bcjaTMywHHGX5XWhVN2nzSu7WV0q+oUY7mGK3mgSkDDzP3MgjqdyIgbQ==",
      "requires": {
        "glob": "7.1.2",
        "interpret": "1.1.0",
        "rechoir": "0.6.2"
      }
    },
    "shot": {
      "version": "3.4.2",
      "resolved": "https://registry.npmjs.org/shot/-/shot-3.4.2.tgz",
      "integrity": "sha1-Hlw/bysmZJrcQvfrNQIUpaApHWc=",
      "requires": {
        "hoek": "4.2.1",
        "joi": "10.6.0"
      },
      "dependencies": {
        "hoek": {
          "version": "4.2.1",
          "resolved": "https://registry.npmjs.org/hoek/-/hoek-4.2.1.tgz",
          "integrity": "sha512-QLg82fGkfnJ/4iy1xZ81/9SIJiq1NGFUMGs6ParyjBZr6jW2Ufj/snDqTHixNlHdPNwN2RLVD0Pi3igeK9+JfA=="
        }
      }
    },
    "socket.io": {
      "version": "0.9.19",
      "resolved": "https://registry.npmjs.org/socket.io/-/socket.io-0.9.19.tgz",
      "integrity": "sha1-SQu1/Q3FTPAC7gTmf638Q7hIo48=",
      "requires": {
        "base64id": "0.1.0",
        "policyfile": "0.0.4",
        "redis": "0.7.3",
        "socket.io-client": "0.9.16"
      },
      "dependencies": {
        "base64id": {
          "version": "0.1.0",
          "resolved": "https://registry.npmjs.org/base64id/-/base64id-0.1.0.tgz",
          "integrity": "sha1-As4P3u4M709ACA4ec+g08LG/zj8="
        },
        "socket.io-client": {
          "version": "0.9.16",
          "resolved": "https://registry.npmjs.org/socket.io-client/-/socket.io-client-0.9.16.tgz",
          "integrity": "sha1-TadRXF53MEHRtCOXBBW8xDDzX8Y=",
          "requires": {
            "active-x-obfuscator": "0.0.1",
            "uglify-js": "1.2.5",
            "ws": "0.4.32",
            "xmlhttprequest": "1.4.2"
          }
        },
        "ws": {
          "version": "0.4.32",
          "resolved": "https://registry.npmjs.org/ws/-/ws-0.4.32.tgz",
          "integrity": "sha1-eHphVEFPPJntg8V3IVOyD+sM7DI=",
          "requires": {
            "commander": "2.1.0",
            "nan": "1.0.0",
            "options": "0.0.6",
            "tinycolor": "0.0.1"
          }
        }
      }
    },
    "socket.io-adapter": {
      "version": "1.1.1",
      "resolved": "https://registry.npmjs.org/socket.io-adapter/-/socket.io-adapter-1.1.1.tgz",
      "integrity": "sha1-KoBeihTWNyEk3ZFZrUUC+MsH8Gs="
    },
    "socket.io-client": {
      "version": "2.1.1",
      "resolved": "https://registry.npmjs.org/socket.io-client/-/socket.io-client-2.1.1.tgz",
      "integrity": "sha512-jxnFyhAuFxYfjqIgduQlhzqTcOEQSn+OHKVfAxWaNWa7ecP7xSNk2Dx/3UEsDcY7NcFafxvNvKPmmO7HTwTxGQ==",
      "requires": {
        "backo2": "1.0.2",
        "base64-arraybuffer": "0.1.5",
        "component-bind": "1.0.0",
        "component-emitter": "1.2.1",
        "debug": "3.1.0",
        "engine.io-client": "3.2.1",
        "has-binary2": "1.0.3",
        "has-cors": "1.1.0",
        "indexof": "0.0.1",
        "object-component": "0.0.3",
        "parseqs": "0.0.5",
        "parseuri": "0.0.5",
        "socket.io-parser": "3.2.0",
        "to-array": "0.1.4"
      }
    },
    "socket.io-parser": {
      "version": "3.2.0",
      "resolved": "https://registry.npmjs.org/socket.io-parser/-/socket.io-parser-3.2.0.tgz",
      "integrity": "sha512-FYiBx7rc/KORMJlgsXysflWx/RIvtqZbyGLlHZvjfmPTPeuD/I8MaW7cfFrj5tRltICJdgwflhfZ3NVVbVLFQA==",
      "requires": {
        "component-emitter": "1.2.1",
        "debug": "3.1.0",
        "isarray": "2.0.1"
      }
    },
    "statehood": {
      "version": "5.0.3",
      "resolved": "https://registry.npmjs.org/statehood/-/statehood-5.0.3.tgz",
      "integrity": "sha512-YrPrCt10t3ImH/JMO5szSwX7sCm8HoqVl3VFLOa9EZ1g/qJx/ZmMhN+2uzPPB/vaU6hpkJpXxcBWsgIkkG+MXA==",
      "requires": {
        "boom": "5.2.0",
        "cryptiles": "3.1.2",
        "hoek": "4.2.1",
        "iron": "4.0.5",
        "items": "2.1.1",
        "joi": "10.6.0"
      },
      "dependencies": {
        "hoek": {
          "version": "4.2.1",
          "resolved": "https://registry.npmjs.org/hoek/-/hoek-4.2.1.tgz",
          "integrity": "sha512-QLg82fGkfnJ/4iy1xZ81/9SIJiq1NGFUMGs6ParyjBZr6jW2Ufj/snDqTHixNlHdPNwN2RLVD0Pi3igeK9+JfA=="
        }
      }
    },
    "subtext": {
      "version": "5.0.0",
      "resolved": "https://registry.npmjs.org/subtext/-/subtext-5.0.0.tgz",
      "integrity": "sha512-2nXG1G1V+K64Z20cQII7k0s38J2DSycMXBLMAk9RXUFG0uAkAbLSVoa88croX9VhTdBCJbLAe9g6LmzKwpJhhQ==",
      "requires": {
        "boom": "5.2.0",
        "content": "3.0.7",
        "hoek": "4.2.1",
        "pez": "2.1.5",
        "wreck": "12.5.1"
      },
      "dependencies": {
        "hoek": {
          "version": "4.2.1",
          "resolved": "https://registry.npmjs.org/hoek/-/hoek-4.2.1.tgz",
          "integrity": "sha512-QLg82fGkfnJ/4iy1xZ81/9SIJiq1NGFUMGs6ParyjBZr6jW2Ufj/snDqTHixNlHdPNwN2RLVD0Pi3igeK9+JfA=="
        }
      }
    },
    "tinycolor": {
      "version": "0.0.1",
      "resolved": "https://registry.npmjs.org/tinycolor/-/tinycolor-0.0.1.tgz",
      "integrity": "sha1-MgtaUtg6u1l42Bo+iH1K77FaYWQ="
    },
    "to-array": {
      "version": "0.1.4",
      "resolved": "https://registry.npmjs.org/to-array/-/to-array-0.1.4.tgz",
      "integrity": "sha1-F+bBH3PdTz10zaek/zI46a2b+JA="
    },
    "topo": {
      "version": "2.0.2",
      "resolved": "https://registry.npmjs.org/topo/-/topo-2.0.2.tgz",
      "integrity": "sha1-zVYVdSU5BXwNwEkaYhw7xvvh0YI=",
      "requires": {
        "hoek": "4.2.1"
      },
      "dependencies": {
        "hoek": {
          "version": "4.2.1",
          "resolved": "https://registry.npmjs.org/hoek/-/hoek-4.2.1.tgz",
          "integrity": "sha512-QLg82fGkfnJ/4iy1xZ81/9SIJiq1NGFUMGs6ParyjBZr6jW2Ufj/snDqTHixNlHdPNwN2RLVD0Pi3igeK9+JfA=="
        }
      }
    },
    "uglify-js": {
      "version": "1.2.5",
      "resolved": "https://registry.npmjs.org/uglify-js/-/uglify-js-1.2.5.tgz",
      "integrity": "sha1-tULCx29477NLIAsgF3Y0Mw/3ArY="
    },
    "ultron": {
      "version": "1.1.1",
      "resolved": "https://registry.npmjs.org/ultron/-/ultron-1.1.1.tgz",
      "integrity": "sha512-UIEXBNeYmKptWH6z8ZnqTeS8fV74zG0/eRU9VGkpzz+LIJNs8W/zM/L+7ctCkRrgbNnnR0xxw4bKOr0cW0N0Og=="
    },
    "vise": {
      "version": "2.0.2",
      "resolved": "https://registry.npmjs.org/vise/-/vise-2.0.2.tgz",
      "integrity": "sha1-awjo+0y3bjpQzW3Q7DczjoEaDTk=",
      "requires": {
        "hoek": "4.2.1"
      },
      "dependencies": {
        "hoek": {
          "version": "4.2.1",
          "resolved": "https://registry.npmjs.org/hoek/-/hoek-4.2.1.tgz",
          "integrity": "sha512-QLg82fGkfnJ/4iy1xZ81/9SIJiq1NGFUMGs6ParyjBZr6jW2Ufj/snDqTHixNlHdPNwN2RLVD0Pi3igeK9+JfA=="
        }
      }
    },
    "wrappy": {
      "version": "1.0.2",
      "resolved": "https://registry.npmjs.org/wrappy/-/wrappy-1.0.2.tgz",
      "integrity": "sha1-tSQ9jz7BqjXxNkYFvA0QNuMKtp8="
    },
    "wreck": {
      "version": "12.5.1",
      "resolved": "https://registry.npmjs.org/wreck/-/wreck-12.5.1.tgz",
      "integrity": "sha512-l5DUGrc+yDyIflpty1x9XuMj1ehVjC/dTbF3/BasOO77xk0EdEa4M/DuOY8W88MQDAD0fEDqyjc8bkIMHd2E9A==",
      "requires": {
        "boom": "5.2.0",
        "hoek": "4.2.1"
      },
      "dependencies": {
        "hoek": {
          "version": "4.2.1",
          "resolved": "https://registry.npmjs.org/hoek/-/hoek-4.2.1.tgz",
          "integrity": "sha512-QLg82fGkfnJ/4iy1xZ81/9SIJiq1NGFUMGs6ParyjBZr6jW2Ufj/snDqTHixNlHdPNwN2RLVD0Pi3igeK9+JfA=="
        }
      }
    },
    "ws": {
      "version": "3.3.3",
      "resolved": "https://registry.npmjs.org/ws/-/ws-3.3.3.tgz",
      "integrity": "sha512-nnWLa/NwZSt4KQJu51MYlCcSQ5g7INpOrOMt4XV8j4dqTXdmlUmSHQ8/oLC069ckre0fRsgfvsKwbTdtKLCDkA==",
      "requires": {
        "async-limiter": "1.0.0",
        "safe-buffer": "5.1.2",
        "ultron": "1.1.1"
      }
    },
    "xmlhttprequest": {
      "version": "1.4.2",
      "resolved": "https://registry.npmjs.org/xmlhttprequest/-/xmlhttprequest-1.4.2.tgz",
      "integrity": "sha1-AUU6HZvtHo8XL2SVu/TIxCYyFQA="
    },
    "xmlhttprequest-ssl": {
      "version": "1.5.5",
      "resolved": "https://registry.npmjs.org/xmlhttprequest-ssl/-/xmlhttprequest-ssl-1.5.5.tgz",
      "integrity": "sha1-wodrBhaKrcQOV9l+gRkayPQ5iz4="
    },
    "yeast": {
      "version": "0.1.2",
      "resolved": "https://registry.npmjs.org/yeast/-/yeast-0.1.2.tgz",
      "integrity": "sha1-AI4G2AlDIMNy28L47XagymyKxBk="
    },
    "zeparser": {
      "version": "0.0.5",
      "resolved": "https://registry.npmjs.org/zeparser/-/zeparser-0.0.5.tgz",
      "integrity": "sha1-A3JlYbwmjy5URPVMZlt/1KjAKeI="
    }
  }
}
